{
  "version": "5",
  "specifiers": {
    "jsr:@std/assert@1.0.12": "1.0.12",
    "jsr:@std/internal@^1.0.6": "1.0.13"
  },
  "jsr": {
    "@std/assert@1.0.12": {
      "integrity": "08009f0926dda9cbd8bef3a35d3b6a4b964b0ab5c3e140a4e0351fbf34af5b9a",
      "dependencies": [
        "jsr:@std/internal"
      ]
    },
    "@std/internal@1.0.13": {
      "integrity": "2f9546691d4ac2d32859c82dff284aaeac980ddeca38430d07941e7e288725c0"
    }
  },
  "workspace": {
    "dependencies": [
      "jsr:@std/assert@1.0.12",
      "jsr:@supabase/functions-js@2",
      "npm:@hono/mcp@0.1.1",
      "npm:@modelcontextprotocol/sdk@1.24.3",
      "npm:@supabase/supabase-js@2.47.10",
      "npm:hono@4.9.2",
      "npm:zod@4.1.13"
    ]
  }
}
